
Microsoft Visual Studio Solution File, Format Version 12.00
# Visual Studio Version 16
VisualStudioVersion = 16.0.33927.289
MinimumVisualStudioVersion = 10.0.40219.1
Project("{2150E333-8FDC-42A3-9474-1A3956D46DE8}") = "Task0", "Task0", "{4B97C8DE-7B86-4FAB-BA84-3C077EE90E64}"
EndProject
Project("{FAE04EC0-301F-11D3-BF4B-00C04F79EFBC}") = "Tyuiu.KozhevnikovDG.Sprint5.Task0.V9", "Tyuiu.KozhevnikovDG.Sprint5.Task0.V9\Tyuiu.KozhevnikovDG.Sprint5.Task0.V9.csproj", "{0EA094B2-FC9C-4028-8C60-659E015FEFF9}"
EndProject
Project("{FAE04EC0-301F-11D3-BF4B-00C04F79EFBC}") = "Tyuiu.KozhevnikovDG.Sprint5.Task0.V9.Lib", "Tyuiu.KozhevnikovDG.Sprint5.Task0.V9.Lib\Tyuiu.KozhevnikovDG.Sprint5.Task0.V9.Lib.csproj", "{927D34A1-5331-4E8B-A16B-E0685F0222A8}"
EndProject
Project("{FAE04EC0-301F-11D3-BF4B-00C04F79EFBC}") = "Tyuiu.KozhevnikovDG.Sprint5.Task0.V9.Test", "Tyuiu.KozhevnikovDG.Sprint5.Task0.V9.Test\Tyuiu.KozhevnikovDG.Sprint5.Task0.V9.Test.csproj", "{D4552AD4-0EAA-45B6-81F2-C7FF25DE0B15}"
EndProject
Project("{2150E333-8FDC-42A3-9474-1A3956D46DE8}") = "Task1", "Task1", "{82827374-7532-4581-99CB-28340E8D3D1F}"
EndProject
Project("{FAE04EC0-301F-11D3-BF4B-00C04F79EFBC}") = "Tyuiu.KozhevnikovDG.Sprint5.Task1.V20", "Tyuiu.KozhevnikovDG.Sprint5.Task1.V20\Tyuiu.KozhevnikovDG.Sprint5.Task1.V20.csproj", "{B546FC28-3AE5-4CC9-A2B7-64A0FBEF941F}"
EndProject
Project("{FAE04EC0-301F-11D3-BF4B-00C04F79EFBC}") = "Tyuiu.KozhevnikovDG.Sprint5.Task1.V20.Lib", "Tyuiu.KozhevnikovDG.Sprint5.Task1.V20.Lib\Tyuiu.KozhevnikovDG.Sprint5.Task1.V20.Lib.csproj", "{656D8E64-C9C5-474A-9F09-8DA82CE05CB6}"
EndProject
Project("{FAE04EC0-301F-11D3-BF4B-00C04F79EFBC}") = "Tyuiu.KozhevnikovDG.Sprint5.Task1.V20.Test", "Tyuiu.KozhevnikovDG.Sprint5.Task1.V20.Test\Tyuiu.KozhevnikovDG.Sprint5.Task1.V20.Test.csproj", "{94D7BFAB-4D3B-4E97-A475-4BE9D33BCF52}"
EndProject
Project("{2150E333-8FDC-42A3-9474-1A3956D46DE8}") = "Task4", "Task4", "{3C10BF36-C29E-471F-A4B7-0782E031FB7B}"
EndProject
Project("{FAE04EC0-301F-11D3-BF4B-00C04F79EFBC}") = "Tyuiu.KozhevnikovDG.Sprint5.Task4.V22", "Tyuiu.KozhevnikovDG.Sprint5.Task4.V22\Tyuiu.KozhevnikovDG.Sprint5.Task4.V22.csproj", "{B482D500-5E43-45C2-A1AF-B7025C3A3FBB}"
EndProject
Project("{FAE04EC0-301F-11D3-BF4B-00C04F79EFBC}") = "Tyuiu.KozhevnikovDG.Sprint5.Task4.V22.Lib", "Tyuiu.KozhevnikovDG.Sprint5.Task4.V22.Lib\Tyuiu.KozhevnikovDG.Sprint5.Task4.V22.Lib.csproj", "{E74463C3-76A9-4309-B9F1-27D23A11F555}"
EndProject
Project("{FAE04EC0-301F-11D3-BF4B-00C04F79EFBC}") = "Tyuiu.KozhevnikovDG.Sprint5.Task4.V22.Test", "Tyuiu.KozhevnikovDG.Sprint5.Task4.V22.Test\Tyuiu.KozhevnikovDG.Sprint5.Task4.V22.Test.csproj", "{71F35BAA-5336-446C-8A11-E695C6A2B6E8}"
EndProject
Global
	GlobalSection(SolutionConfigurationPlatforms) = preSolution
		Debug|Any CPU = Debug|Any CPU
		Release|Any CPU = Release|Any CPU
	EndGlobalSection
	GlobalSection(ProjectConfigurationPlatforms) = postSolution
		{0EA094B2-FC9C-4028-8C60-659E015FEFF9}.Debug|Any CPU.ActiveCfg = Debug|Any CPU
		{0EA094B2-FC9C-4028-8C60-659E015FEFF9}.Debug|Any CPU.Build.0 = Debug|Any CPU
		{0EA094B2-FC9C-4028-8C60-659E015FEFF9}.Release|Any CPU.ActiveCfg = Release|Any CPU
		{0EA094B2-FC9C-4028-8C60-659E015FEFF9}.Release|Any CPU.Build.0 = Release|Any CPU
		{927D34A1-5331-4E8B-A16B-E0685F0222A8}.Debug|Any CPU.ActiveCfg = Debug|Any CPU
		{927D34A1-5331-4E8B-A16B-E0685F0222A8}.Debug|Any CPU.Build.0 = Debug|Any CPU
		{927D34A1-5331-4E8B-A16B-E0685F0222A8}.Release|Any CPU.ActiveCfg = Release|Any CPU
		{927D34A1-5331-4E8B-A16B-E0685F0222A8}.Release|Any CPU.Build.0 = Release|Any CPU
		{D4552AD4-0EAA-45B6-81F2-C7FF25DE0B15}.Debug|Any CPU.ActiveCfg = Debug|Any CPU
		{D4552AD4-0EAA-45B6-81F2-C7FF25DE0B15}.Debug|Any CPU.Build.0 = Debug|Any CPU
		{D4552AD4-0EAA-45B6-81F2-C7FF25DE0B15}.Release|Any CPU.ActiveCfg = Release|Any CPU
		{D4552AD4-0EAA-45B6-81F2-C7FF25DE0B15}.Release|Any CPU.Build.0 = Release|Any CPU
		{B546FC28-3AE5-4CC9-A2B7-64A0FBEF941F}.Debug|Any CPU.ActiveCfg = Debug|Any CPU
		{B546FC28-3AE5-4CC9-A2B7-64A0FBEF941F}.Debug|Any CPU.Build.0 = Debug|Any CPU
		{B546FC28-3AE5-4CC9-A2B7-64A0FBEF941F}.Release|Any CPU.ActiveCfg = Release|Any CPU
		{B546FC28-3AE5-4CC9-A2B7-64A0FBEF941F}.Release|Any CPU.Build.0 = Release|Any CPU
		{656D8E64-C9C5-474A-9F09-8DA82CE05CB6}.Debug|Any CPU.ActiveCfg = Debug|Any CPU
		{656D8E64-C9C5-474A-9F09-8DA82CE05CB6}.Debug|Any CPU.Build.0 = Debug|Any CPU
		{656D8E64-C9C5-474A-9F09-8DA82CE05CB6}.Release|Any CPU.ActiveCfg = Release|Any CPU
		{656D8E64-C9C5-474A-9F09-8DA82CE05CB6}.Release|Any CPU.Build.0 = Release|Any CPU
		{94D7BFAB-4D3B-4E97-A475-4BE9D33BCF52}.Debug|Any CPU.ActiveCfg = Debug|Any CPU
		{94D7BFAB-4D3B-4E97-A475-4BE9D33BCF52}.Debug|Any CPU.Build.0 = Debug|Any CPU
		{94D7BFAB-4D3B-4E97-A475-4BE9D33BCF52}.Release|Any CPU.ActiveCfg = Release|Any CPU
		{94D7BFAB-4D3B-4E97-A475-4BE9D33BCF52}.Release|Any CPU.Build.0 = Release|Any CPU
		{B482D500-5E43-45C2-A1AF-B7025C3A3FBB}.Debug|Any CPU.ActiveCfg = Debug|Any CPU
		{B482D500-5E43-45C2-A1AF-B7025C3A3FBB}.Debug|Any CPU.Build.0 = Debug|Any CPU
		{B482D500-5E43-45C2-A1AF-B7025C3A3FBB}.Release|Any CPU.ActiveCfg = Release|Any CPU
		{B482D500-5E43-45C2-A1AF-B7025C3A3FBB}.Release|Any CPU.Build.0 = Release|Any CPU
		{E74463C3-76A9-4309-B9F1-27D23A11F555}.Debug|Any CPU.ActiveCfg = Debug|Any CPU
		{E74463C3-76A9-4309-B9F1-27D23A11F555}.Debug|Any CPU.Build.0 = Debug|Any CPU
		{E74463C3-76A9-4309-B9F1-27D23A11F555}.Release|Any CPU.ActiveCfg = Release|Any CPU
		{E74463C3-76A9-4309-B9F1-27D23A11F555}.Release|Any CPU.Build.0 = Release|Any CPU
		{71F35BAA-5336-446C-8A11-E695C6A2B6E8}.Debug|Any CPU.ActiveCfg = Debug|Any CPU
		{71F35BAA-5336-446C-8A11-E695C6A2B6E8}.Debug|Any CPU.Build.0 = Debug|Any CPU
		{71F35BAA-5336-446C-8A11-E695C6A2B6E8}.Release|Any CPU.ActiveCfg = Release|Any CPU
		{71F35BAA-5336-446C-8A11-E695C6A2B6E8}.Release|Any CPU.Build.0 = Release|Any CPU
	EndGlobalSection
	GlobalSection(SolutionProperties) = preSolution
		HideSolutionNode = FALSE
	EndGlobalSection
	GlobalSection(NestedProjects) = preSolution
		{0EA094B2-FC9C-4028-8C60-659E015FEFF9} = {4B97C8DE-7B86-4FAB-BA84-3C077EE90E64}
		{927D34A1-5331-4E8B-A16B-E0685F0222A8} = {4B97C8DE-7B86-4FAB-BA84-3C077EE90E64}
		{D4552AD4-0EAA-45B6-81F2-C7FF25DE0B15} = {4B97C8DE-7B86-4FAB-BA84-3C077EE90E64}
		{B546FC28-3AE5-4CC9-A2B7-64A0FBEF941F} = {82827374-7532-4581-99CB-28340E8D3D1F}
		{656D8E64-C9C5-474A-9F09-8DA82CE05CB6} = {82827374-7532-4581-99CB-28340E8D3D1F}
		{94D7BFAB-4D3B-4E97-A475-4BE9D33BCF52} = {82827374-7532-4581-99CB-28340E8D3D1F}
		{B482D500-5E43-45C2-A1AF-B7025C3A3FBB} = {3C10BF36-C29E-471F-A4B7-0782E031FB7B}
		{E74463C3-76A9-4309-B9F1-27D23A11F555} = {3C10BF36-C29E-471F-A4B7-0782E031FB7B}
		{71F35BAA-5336-446C-8A11-E695C6A2B6E8} = {3C10BF36-C29E-471F-A4B7-0782E031FB7B}
	EndGlobalSection
	GlobalSection(ExtensibilityGlobals) = postSolution
		SolutionGuid = {1C7849F1-EEEF-43C4-AE0F-01D20A03B6BB}
	EndGlobalSection
EndGlobal
